page_id: Clock
image: /local/custom_ui/floorplan/clock.svg
stylesheet: /local/custom_ui/floorplan/clock.css
warnings:

variables:
  - name: floorplan.hours
  - name: floorplan.minutes

defaults:
  hover_over: false
  more_info: false

rules:
  # - element: floorplan.clock_button
  #   action:
  #     service: floorplan.page_navigate
  #     data:
  #       page_id: clock_config

  - entities:
      - input_datetime.alarm_time
    text_template: '${entity.state ? entity.state.slice(0, 5) : "00:00"}'

  - entities:
      - input_boolean.clock_snooze
    image_template: '/local/custom_ui/floorplan/buttons/${(entity.state === "on") ? "snooze_on" : "snooze"}.svg'
    action:
      service: toggle

  - entities:
      - input_boolean.alarm_mode
    text_template: '${(entity.state === "on") ? "Active" : "Inactive"}'
    action:
      service: toggle

  - entities:
      - media_player.alarm_clock
    image_template: '/local/custom_ui/floorplan/buttons/${(entity.state === "playing") ? "stop" : "radio_on"}.svg'
    action:
      service_template: '${(entity.state === "playing") ? "media_player.media_stop" : "media_player.play_media"}'
      data:
        media_content_id: http://listen.djcmedia.com:80/americascountryhigh
        media_content_type: audio/mp4

  - name: thermostats_temp
    entities:
      - sensor.mbr_temp
      - sensor.kitchen_thermostat_temp
    text_template: '${entity.state ? Math.ceil(entity.state) + "°": "undefined"}'
    class_template: 'return "static-temp";'

  - name: temp_darksky
    entities:
      - sensor.dark_sky_temperature
    text_template: '${entity.state ? Math.ceil(entity.state) + "°": "undefined"}'
    class_template: 'return "static-temp";'

  - name: text_states
    entities:
      - sensor.dark_sky_minutely_summary
    hover_over: false
    more_info: false
    text_template: '${entity.state ? entity.state : "undefined"}'
    class_template: 'return "static-text";'

  - name: text_carpool_today
    entities:
      - sensor.clock_day
    element: sensor.carpool_today
    more_info: false
    text_template: '${ ["Monday","Wednesday"].includes(entity.state) ? "Grimes" : "Brianas"}'
    # class_template: 'return "static-text";'

  - name: text_carpool_tomorrow
    entities:
      - sensor.clock_day
    element: sensor.carpool_tomorrow
    more_info: false
    text_template: '${ ["Sunday","Tuesday"].includes(entity.state) ? "Grimes" : "Brianas"}'
    # class_template: 'return "static-text";'

  - name: text_font_date
    entities:
      - sensor.clock_date
      - sensor.clock_day
    hover_over: false
    more_info: false
    text_template: '${entity.state ? entity.state : "undefined"}'
    class_template: 'return "static-text-date";'

  - name: text_font_time
    entities:
      - sensor.clock_time
    hover_over: false
    more_info: false
    text_template: '${entity.state ? entity.state : "undefined"}'
    class_template: 'return "static-text-time";'

  - name: text_font_am_pm
    entities:
      - sensor.clock_am_pm
    hover_over: false
    more_info: false
    text_template: '${entity.state ? entity.state : "undefined"}'
    class_template: 'return "static-text-am_pm";'

  # - name: Presence
  #   entities:
  #     - binary_sensor.sleepnumber_carlo_carlo_is_in_bed
  #     - binary_sensor.sleepnumber_carlo_stacey_is_in_bed
  #   states:
  #     - state: 'on'
  #       class: 'presence-on'
  #     - state: 'off'
  #       class: 'presence-off'

  - name: Dark Sky Sensors
    entities:
      - sensor.dark_sky_minutely_summary
    element: sensor.dark_sky_minutely_summary_icon

    image_template: '
      var imageName = "";

      switch (entity.attributes.entity_picture) {
        case "/static/images/darksky/weather-sunny.svg":
          imageName = "sunny-1";
          break;

        case "/static/images/darksky/weather-night.svg":
          imageName = "night-1";
          break;

        case "/static/images/darksky/weather-partlycloudy.svg":
          imageName = "partlycloudy-day-1";
          break;

        case "/static/images/darksky/weather-cloudy.svg":
          imageName = "partlycloudy-night-1";
          break;

        case "/static/images/darksky/weather-cloudy.svg":
          imageName = "cloudy-day-1";
          break;

        case "/static/images/darksky/weather-pouring.svg":
          imageName = "thunder";
          break;

        case "/static/images/darksky/weather-snowy.svg":
          imageName = "snowy-day-1";
          break;
      }

      return "/local/custom_ui/floorplan/images/weather/" + imageName + ".svg";
      '

  # - name: Camera Images
  #   entities:
  #     - camera.stone_door
  #   image_template: '${entity.attributes.entity_picture}'
